
Microsoft Visual Studio Solution File, Format Version 12.00
# Visual Studio Version 17
VisualStudioVersion = 17.1.32407.343
MinimumVisualStudioVersion = 10.0.40219.1
Project("{9A19103F-16F7-4668-BE54-9A1E7A4F7556}") = "Events", "Events\Events.csproj", "{DFC5A000-BEDC-4722-845A-53276D6DE5CA}"
EndProject
Project("{9A19103F-16F7-4668-BE54-9A1E7A4F7556}") = "Application", "Application\Application.csproj", "{BC2EB308-8186-4195-9D34-53B5E6B5105F}"
EndProject
Project("{9A19103F-16F7-4668-BE54-9A1E7A4F7556}") = "Contracts", "Contracts\Contracts.csproj", "{BC7AB699-1C52-43EE-9094-CEF364876357}"
EndProject
Project("{9A19103F-16F7-4668-BE54-9A1E7A4F7556}") = "Domain", "Domain\Domain.csproj", "{DB01C1D0-742C-4AD5-A422-E20CC4BE3EEC}"
EndProject
Project("{9A19103F-16F7-4668-BE54-9A1E7A4F7556}") = "Infrastructure", "Infrastructure\Infrastructure.csproj", "{5408364B-15AB-4A02-B6A5-B9509619AC7E}"
EndProject
Global
	GlobalSection(SolutionConfigurationPlatforms) = preSolution
		Debug|Any CPU = Debug|Any CPU
		Release|Any CPU = Release|Any CPU
	EndGlobalSection
	GlobalSection(ProjectConfigurationPlatforms) = postSolution
		{DFC5A000-BEDC-4722-845A-53276D6DE5CA}.Debug|Any CPU.ActiveCfg = Debug|Any CPU
		{DFC5A000-BEDC-4722-845A-53276D6DE5CA}.Debug|Any CPU.Build.0 = Debug|Any CPU
		{DFC5A000-BEDC-4722-845A-53276D6DE5CA}.Release|Any CPU.ActiveCfg = Release|Any CPU
		{DFC5A000-BEDC-4722-845A-53276D6DE5CA}.Release|Any CPU.Build.0 = Release|Any CPU
		{BC2EB308-8186-4195-9D34-53B5E6B5105F}.Debug|Any CPU.ActiveCfg = Debug|Any CPU
		{BC2EB308-8186-4195-9D34-53B5E6B5105F}.Debug|Any CPU.Build.0 = Debug|Any CPU
		{BC2EB308-8186-4195-9D34-53B5E6B5105F}.Release|Any CPU.ActiveCfg = Release|Any CPU
		{BC2EB308-8186-4195-9D34-53B5E6B5105F}.Release|Any CPU.Build.0 = Release|Any CPU
		{BC7AB699-1C52-43EE-9094-CEF364876357}.Debug|Any CPU.ActiveCfg = Debug|Any CPU
		{BC7AB699-1C52-43EE-9094-CEF364876357}.Debug|Any CPU.Build.0 = Debug|Any CPU
		{BC7AB699-1C52-43EE-9094-CEF364876357}.Release|Any CPU.ActiveCfg = Release|Any CPU
		{BC7AB699-1C52-43EE-9094-CEF364876357}.Release|Any CPU.Build.0 = Release|Any CPU
		{DB01C1D0-742C-4AD5-A422-E20CC4BE3EEC}.Debug|Any CPU.ActiveCfg = Debug|Any CPU
		{DB01C1D0-742C-4AD5-A422-E20CC4BE3EEC}.Debug|Any CPU.Build.0 = Debug|Any CPU
		{DB01C1D0-742C-4AD5-A422-E20CC4BE3EEC}.Release|Any CPU.ActiveCfg = Release|Any CPU
		{DB01C1D0-742C-4AD5-A422-E20CC4BE3EEC}.Release|Any CPU.Build.0 = Release|Any CPU
		{5408364B-15AB-4A02-B6A5-B9509619AC7E}.Debug|Any CPU.ActiveCfg = Debug|Any CPU
		{5408364B-15AB-4A02-B6A5-B9509619AC7E}.Debug|Any CPU.Build.0 = Debug|Any CPU
		{5408364B-15AB-4A02-B6A5-B9509619AC7E}.Release|Any CPU.ActiveCfg = Release|Any CPU
		{5408364B-15AB-4A02-B6A5-B9509619AC7E}.Release|Any CPU.Build.0 = Release|Any CPU
	EndGlobalSection
	GlobalSection(SolutionProperties) = preSolution
		HideSolutionNode = FALSE
	EndGlobalSection
	GlobalSection(ExtensibilityGlobals) = postSolution
		SolutionGuid = {997DACC7-B647-40C8-81B8-334FCDF774C2}
	EndGlobalSection
EndGlobal
